lockfileVersion: '9.0'

settings:
  autoInstallPeers: true
  excludeLinksFromLockfile: false

importers:

  .:
    devDependencies:
      '@types/deno':
        specifier: ^2.3.0
        version: 2.3.0
      '@types/node':
        specifier: ^22.15.29
        version: 22.15.29
      oxlint:
        specifier: ^0.17.0
        version: 0.17.0
      rolldown:
        specifier: 1.0.0-beta.10
        version: 1.0.0-beta.10

packages:

  '@emnapi/core@1.4.3':
    resolution: {integrity: sha512-4m62DuCE07lw01soJwPiBGC0nAww0Q+RY70VZ+n49yDIO13yyinhbWCeNnaob0lakDtWQzSdtNWzJeOJt2ma+g==}

  '@emnapi/runtime@1.4.3':
    resolution: {integrity: sha512-pBPWdu6MLKROBX05wSNKcNb++m5Er+KQ9QkB+WVM+pW2Kx9hoSrVTnu3BdkI5eBLZoKu/J6mW/B6i6bJB2ytXQ==}

  '@emnapi/wasi-threads@1.0.2':
    resolution: {integrity: sha512-5n3nTJblwRi8LlXkJ9eBzu+kZR8Yxcc7ubakyQTFzPMtIhFpUBRbsnc2Dv88IZDIbCDlBiWrknhB4Lsz7mg6BA==}

  '@napi-rs/wasm-runtime@0.2.10':
    resolution: {integrity: sha512-bCsCyeZEwVErsGmyPNSzwfwFn4OdxBj0mmv6hOFucB/k81Ojdu68RbZdxYsRQUPc9l6SU5F/cG+bXgWs3oUgsQ==}

  '@oxc-project/runtime@0.72.1':
    resolution: {integrity: sha512-8nU/WPeJWF6QJrT8HtEEIojz26bXn677deDX8BDVpjcz97CVKORVAvFhE2/lfjnBYE0+aqmjFeD17YnJQpCyqg==}
    engines: {node: '>=6.9.0'}

  '@oxc-project/types@0.72.1':
    resolution: {integrity: sha512-qlvcDuCjISt4W7Izw0i5+GS3zCKJLXkoNDEc+E4ploage35SlZqxahpdKbHDX8uD70KDVNYWtupsHoNETy5kPQ==}

  '@oxlint/darwin-arm64@0.17.0':
    resolution: {integrity: sha512-py/N0yTMbdy5Kd1RFMMgFqzO5Qwc5MbHSCA0BvSx/GnC3n7yPstcEFSSdZzb+HaANI00xn4dwjYo6HVEFHhuWA==}
    cpu: [arm64]
    os: [darwin]

  '@oxlint/darwin-x64@0.17.0':
    resolution: {integrity: sha512-rQUFu6Ci8gmBHTgb2EMKYNZWCmBB8sSW7SAxBes9k0esonKsioDNjT51CsfKZhXyaMtaM70hiVhSCBc0NqUEJg==}
    cpu: [x64]
    os: [darwin]

  '@oxlint/linux-arm64-gnu@0.17.0':
    resolution: {integrity: sha512-NoAWscdfVj6Sci3NdbHHc1OivSSKpwtkLff5SoAM8XgJ9t7flf+zW7XOy3OeSgZAxNbcF4QGruv+XcBLR7tWMA==}
    cpu: [arm64]
    os: [linux]

  '@oxlint/linux-arm64-musl@0.17.0':
    resolution: {integrity: sha512-VQRmSdbuc0rpSZoLqdhKJG9nUjJmEymOU60dO3lKlCT5YXME4dxA+jf1AigtnmJS5FgOxQm54ECF9lh6dyP0ew==}
    cpu: [arm64]
    os: [linux]

  '@oxlint/linux-x64-gnu@0.17.0':
    resolution: {integrity: sha512-KcaXWkBfqt7weerU1EXJysEupEHB8AtJytufBOQMuLE5vx2OoAbjAk0vt2V14W8Lss9Sz+ET7nXo6ZAEku4vCA==}
    cpu: [x64]
    os: [linux]

  '@oxlint/linux-x64-musl@0.17.0':
    resolution: {integrity: sha512-yWbFXWKKTrH4zR0FI1V6KDJp5NqOLFe1LZbKNeaoS1wtq5/aFPeM+d9dttGLoA5u6G9uhIK/nSnrPmtuNLPU4Q==}
    cpu: [x64]
    os: [linux]

  '@oxlint/win32-arm64@0.17.0':
    resolution: {integrity: sha512-zdoB3mbvcx3eGOh6ElPJ01S2MOzyZo/gijeHw7yb2PXcRis+3clVje6kpnG7/TN69zoHv7WwDX6poJu8FURTqg==}
    cpu: [arm64]
    os: [win32]

  '@oxlint/win32-x64@0.17.0':
    resolution: {integrity: sha512-gxVYAOy/8IAWgmsaXDxRJvOr7l61DUDj6s7tXImzXqBAH/An6yJZGr1tR+5BsACVw/3hcCPOUbotXGS4+vZNZQ==}
    cpu: [x64]
    os: [win32]

  '@rolldown/binding-darwin-arm64@1.0.0-beta.10':
    resolution: {integrity: sha512-5/5fKH9QVumapTMf04TivnFX4oIUnUbpmqw0IOYnOdlw89Dqz72VwZ6wx/zyU43i4QOOZC8vEwSDI1ZHhN50pQ==}
    cpu: [arm64]
    os: [darwin]

  '@rolldown/binding-darwin-x64@1.0.0-beta.10':
    resolution: {integrity: sha512-98XVjpiU6pILAFav+Qief9J+TU3Gcqmd+zjz1KjwiDzkWgj/tJnX42cwZKYFtOyp12jmToav+rSPIS0RAL767w==}
    cpu: [x64]
    os: [darwin]

  '@rolldown/binding-freebsd-x64@1.0.0-beta.10':
    resolution: {integrity: sha512-dPUPU4EJBltaXEWGBru8sWZijRzyY2Kfyf0Hs90AdrT2rpobRR1oOUw3hKjpVl1hTMzxFRfZQxhvKW+xitvRnQ==}
    cpu: [x64]
    os: [freebsd]

  '@rolldown/binding-linux-arm-gnueabihf@1.0.0-beta.10':
    resolution: {integrity: sha512-xoaHj4SYbEu3XnmfoVtKT26AB0T2ZGFP16KZozJS7dM7D8FYjezp0eweHZafjrv6FmkbqzyoGpxr75/EV395Sw==}
    cpu: [arm]
    os: [linux]

  '@rolldown/binding-linux-arm64-gnu@1.0.0-beta.10':
    resolution: {integrity: sha512-yVtGQ8kNjfC7ex0M4XRJz3wPF4aevoX52B9oIw/7l/gBQQcFxwvLnWtUE52XD/LPII2OncFsoQ2cyh/BZi4kZA==}
    cpu: [arm64]
    os: [linux]

  '@rolldown/binding-linux-arm64-musl@1.0.0-beta.10':
    resolution: {integrity: sha512-uvmzUIYmIlHTn9pboT3iM+Az5TxO2CX/OKtXFPqb//YhM917Yij4LYX9HlSqEmKWJivDr0OVGeXsFOhF0L+mNg==}
    cpu: [arm64]
    os: [linux]

  '@rolldown/binding-linux-x64-gnu@1.0.0-beta.10':
    resolution: {integrity: sha512-BtfoQK4lWJmARDQk4m025ODfaiHmokpJtTkV3lblLOg6ZuBp/NTuYmoxwY+qbDm3u0x1mU4Iq1Pp29ulv9wRGQ==}
    cpu: [x64]
    os: [linux]

  '@rolldown/binding-linux-x64-musl@1.0.0-beta.10':
    resolution: {integrity: sha512-UxXIgyumFb9D/KMsB6wIOK+zqkpf0d3Seh2UcPNVlCWchs09N7a9ZrZ8cjv40/zmVI/5HfzZcbWIatW+8Ntb5w==}
    cpu: [x64]
    os: [linux]

  '@rolldown/binding-wasm32-wasi@1.0.0-beta.10':
    resolution: {integrity: sha512-EUmJIQDRZaN99VpI3q4SuMHX+BXFbJMutIKD2tf3uqcRcNbICzRqSZnM1Wc99vVpu0RkYNnr85Pi1fb8dlc+kA==}
    engines: {node: '>=14.21.3'}
    cpu: [wasm32]

  '@rolldown/binding-win32-arm64-msvc@1.0.0-beta.10':
    resolution: {integrity: sha512-K9SY7AQgiVT2fn+RLdADJmPkO4X0tdVX6wCQas6Eyslk5eLUccgA2j6cUhlUsR0JDBQ7+pNrSpsj6A+BtLamHw==}
    cpu: [arm64]
    os: [win32]

  '@rolldown/binding-win32-ia32-msvc@1.0.0-beta.10':
    resolution: {integrity: sha512-eIDWUhu56DZpgLv+vzYppU96fAdewPoXeUfK2bUl/3cuzb/isfa3PBDD3ITNcCSD9Yx7fkxfzVWtd3WAwtphJA==}
    cpu: [ia32]
    os: [win32]

  '@rolldown/binding-win32-x64-msvc@1.0.0-beta.10':
    resolution: {integrity: sha512-yGctlHu7bXL1HfsI/ADr4sFZ9X2DokYI2YjIQnEMqwMmiYBVTmIadkWdNZYfS3LwNxioPDLbuu8PsTC5djSFAQ==}
    cpu: [x64]
    os: [win32]

  '@rolldown/pluginutils@1.0.0-beta.10':
    resolution: {integrity: sha512-FeISF1RUTod5Kvt3yUXByrAPk5EfDWo/1BPv1ARBZ07weqx888SziPuWS6HUJU0YroGyQURjdIrkjWJP2zBFDQ==}

  '@tybys/wasm-util@0.9.0':
    resolution: {integrity: sha512-6+7nlbMVX/PVDCwaIQ8nTOPveOcFLSt8GcXdx8hD0bt39uWxYT88uXzqTd4fTvqta7oeUJqudepapKNt2DYJFw==}

  '@types/deno@2.3.0':
    resolution: {integrity: sha512-/4SyefQpKjwNKGkq9qG3Ln7MazfbWKvydyVFBnXzP5OQA4u1paoFtaOe1iHKycIWHHkhYag0lPxyheThV1ijzw==}

  '@types/node@22.15.29':
    resolution: {integrity: sha512-LNdjOkUDlU1RZb8e1kOIUpN1qQUlzGkEtbVNo53vbrwDg5om6oduhm4SiUaPW5ASTXhAiP0jInWG8Qx9fVlOeQ==}

  ansis@4.1.0:
    resolution: {integrity: sha512-BGcItUBWSMRgOCe+SVZJ+S7yTRG0eGt9cXAHev72yuGcY23hnLA7Bky5L/xLyPINoSN95geovfBkqoTlNZYa7w==}
    engines: {node: '>=14'}

  oxlint@0.17.0:
    resolution: {integrity: sha512-LCXomDhPGbDUZ/T+ScFA0tjh7A5QgYwPRCw7XFlJxRD2URBV8wj2lLvepbQ9yS/Q6SGhVfHQMpziQytajl8NcQ==}
    engines: {node: '>=8.*'}
    hasBin: true

  rolldown@1.0.0-beta.10:
    resolution: {integrity: sha512-LkrI/70+Ky6KLSO26+GeYGSXggrPVSPvvXmpxvpRnTZeYrgtyfKYYZT3ZS95UmsCugPnDDLj1w8EQkiDw9Wvnw==}
    hasBin: true

  tslib@2.8.1:
    resolution: {integrity: sha512-oJFu94HQb+KVduSUQL7wnpmqnfmLsOA/nAh6b6EH0wCEoK0/mPeXU6c3wKDV83MkOuHPRHtSXKKU99IBazS/2w==}

  undici-types@6.21.0:
    resolution: {integrity: sha512-iwDZqg0QAGrg9Rav5H4n0M64c3mkR59cJ6wQp+7C4nI0gsmExaedaYLNO44eT4AtBBwjbTiGPMlt2Md0T9H9JQ==}

snapshots:

  '@emnapi/core@1.4.3':
    dependencies:
      '@emnapi/wasi-threads': 1.0.2
      tslib: 2.8.1
    optional: true

  '@emnapi/runtime@1.4.3':
    dependencies:
      tslib: 2.8.1
    optional: true

  '@emnapi/wasi-threads@1.0.2':
    dependencies:
      tslib: 2.8.1
    optional: true

  '@napi-rs/wasm-runtime@0.2.10':
    dependencies:
      '@emnapi/core': 1.4.3
      '@emnapi/runtime': 1.4.3
      '@tybys/wasm-util': 0.9.0
    optional: true

  '@oxc-project/runtime@0.72.1': {}

  '@oxc-project/types@0.72.1': {}

  '@oxlint/darwin-arm64@0.17.0':
    optional: true

  '@oxlint/darwin-x64@0.17.0':
    optional: true

  '@oxlint/linux-arm64-gnu@0.17.0':
    optional: true

  '@oxlint/linux-arm64-musl@0.17.0':
    optional: true

  '@oxlint/linux-x64-gnu@0.17.0':
    optional: true

  '@oxlint/linux-x64-musl@0.17.0':
    optional: true

  '@oxlint/win32-arm64@0.17.0':
    optional: true

  '@oxlint/win32-x64@0.17.0':
    optional: true

  '@rolldown/binding-darwin-arm64@1.0.0-beta.10':
    optional: true

  '@rolldown/binding-darwin-x64@1.0.0-beta.10':
    optional: true

  '@rolldown/binding-freebsd-x64@1.0.0-beta.10':
    optional: true

  '@rolldown/binding-linux-arm-gnueabihf@1.0.0-beta.10':
    optional: true

  '@rolldown/binding-linux-arm64-gnu@1.0.0-beta.10':
    optional: true

  '@rolldown/binding-linux-arm64-musl@1.0.0-beta.10':
    optional: true

  '@rolldown/binding-linux-x64-gnu@1.0.0-beta.10':
    optional: true

  '@rolldown/binding-linux-x64-musl@1.0.0-beta.10':
    optional: true

  '@rolldown/binding-wasm32-wasi@1.0.0-beta.10':
    dependencies:
      '@napi-rs/wasm-runtime': 0.2.10
    optional: true

  '@rolldown/binding-win32-arm64-msvc@1.0.0-beta.10':
    optional: true

  '@rolldown/binding-win32-ia32-msvc@1.0.0-beta.10':
    optional: true

  '@rolldown/binding-win32-x64-msvc@1.0.0-beta.10':
    optional: true

  '@rolldown/pluginutils@1.0.0-beta.10': {}

  '@tybys/wasm-util@0.9.0':
    dependencies:
      tslib: 2.8.1
    optional: true

  '@types/deno@2.3.0': {}

  '@types/node@22.15.29':
    dependencies:
      undici-types: 6.21.0

  ansis@4.1.0: {}

  oxlint@0.17.0:
    optionalDependencies:
      '@oxlint/darwin-arm64': 0.17.0
      '@oxlint/darwin-x64': 0.17.0
      '@oxlint/linux-arm64-gnu': 0.17.0
      '@oxlint/linux-arm64-musl': 0.17.0
      '@oxlint/linux-x64-gnu': 0.17.0
      '@oxlint/linux-x64-musl': 0.17.0
      '@oxlint/win32-arm64': 0.17.0
      '@oxlint/win32-x64': 0.17.0

  rolldown@1.0.0-beta.10:
    dependencies:
      '@oxc-project/runtime': 0.72.1
      '@oxc-project/types': 0.72.1
      '@rolldown/pluginutils': 1.0.0-beta.10
      ansis: 4.1.0
    optionalDependencies:
      '@rolldown/binding-darwin-arm64': 1.0.0-beta.10
      '@rolldown/binding-darwin-x64': 1.0.0-beta.10
      '@rolldown/binding-freebsd-x64': 1.0.0-beta.10
      '@rolldown/binding-linux-arm-gnueabihf': 1.0.0-beta.10
      '@rolldown/binding-linux-arm64-gnu': 1.0.0-beta.10
      '@rolldown/binding-linux-arm64-musl': 1.0.0-beta.10
      '@rolldown/binding-linux-x64-gnu': 1.0.0-beta.10
      '@rolldown/binding-linux-x64-musl': 1.0.0-beta.10
      '@rolldown/binding-wasm32-wasi': 1.0.0-beta.10
      '@rolldown/binding-win32-arm64-msvc': 1.0.0-beta.10
      '@rolldown/binding-win32-ia32-msvc': 1.0.0-beta.10
      '@rolldown/binding-win32-x64-msvc': 1.0.0-beta.10

  tslib@2.8.1:
    optional: true

  undici-types@6.21.0: {}
