lockfileVersion: '9.0'

settings:
  autoInstallPeers: true
  excludeLinksFromLockfile: false

importers:

  .:
    dependencies:
      '@bedrock-apis/nbt-core':
        specifier: 0.0.1-alpha.2
        version: 0.0.1-alpha.2

packages:

  '@bedrock-apis/nbt-core@0.0.1-alpha.2':
    resolution: {integrity: sha512-OY67JRWFC5956qSIVbzyQi7nPLpPso9qaMc1yyYoi0peGV+wzHGrpXUmomEt+Mxim6mnQBBVTGvQFkHbQsivtQ==}

snapshots:

  '@bedrock-apis/nbt-core@0.0.1-alpha.2': {}
