lockfileVersion: '9.0'

settings:
  autoInstallPeers: true
  excludeLinksFromLockfile: false

importers:

  .:
    dependencies:
      '@bedrock-apis/nbt-core':
        specifier: ^0.0.1-alpha.3
        version: 0.0.1-alpha.3

packages:

  '@bedrock-apis/nbt-core@0.0.1-alpha.3':
    resolution: {integrity: sha512-ub+Vn4gKOijF6DT9fCHnQHV6mRGO0CnONo9/xshJcrIChjjhxL8Yxs2iVU1hGaAMsh3teKp1PFXQLhVUKLcm0w==}

snapshots:

  '@bedrock-apis/nbt-core@0.0.1-alpha.3': {}
